
Microsoft Visual Studio Solution File, Format Version 12.00
# Visual Studio Version 17
VisualStudioVersion = 17.7.34024.191
MinimumVisualStudioVersion = 10.0.40219.1
Project("{FAE04EC0-301F-11D3-BF4B-00C04F79EFBC}") = "LazniBludgeon", "LazniBludgeon.csproj", "{9EE50B16-C61E-4279-9D6B-0B2B7338A57D}"
EndProject
Global
	GlobalSection(SolutionConfigurationPlatforms) = preSolution
		Debug|Any CPU = Debug|Any CPU
		Release|Any CPU = Release|Any CPU
	EndGlobalSection
	GlobalSection(ProjectConfigurationPlatforms) = postSolution
		{9EE50B16-C61E-4279-9D6B-0B2B7338A57D}.Debug|Any CPU.ActiveCfg = Debug|Any CPU
		{9EE50B16-C61E-4279-9D6B-0B2B7338A57D}.Debug|Any CPU.Build.0 = Debug|Any CPU
		{9EE50B16-C61E-4279-9D6B-0B2B7338A57D}.Release|Any CPU.ActiveCfg = Release|Any CPU
		{9EE50B16-C61E-4279-9D6B-0B2B7338A57D}.Release|Any CPU.Build.0 = Release|Any CPU
	EndGlobalSection
	GlobalSection(SolutionProperties) = preSolution
		HideSolutionNode = FALSE
	EndGlobalSection
	GlobalSection(ExtensibilityGlobals) = postSolution
		SolutionGuid = {AF0CE0BC-B475-4F7A-951A-E877470FD74A}
	EndGlobalSection
EndGlobal
