
Microsoft Visual Studio Solution File, Format Version 12.00
# Visual Studio Version 17
VisualStudioVersion = 17.7.34024.191
MinimumVisualStudioVersion = 10.0.40219.1
Project("{FAE04EC0-301F-11D3-BF4B-00C04F79EFBC}") = "LazniCardGame", "LazniCardGame.csproj", "{FC7D76EC-86A3-405A-A1F7-A472D2393376}"
EndProject
Global
	GlobalSection(SolutionConfigurationPlatforms) = preSolution
		Debug|Any CPU = Debug|Any CPU
		Release|Any CPU = Release|Any CPU
	EndGlobalSection
	GlobalSection(ProjectConfigurationPlatforms) = postSolution
		{FC7D76EC-86A3-405A-A1F7-A472D2393376}.Debug|Any CPU.ActiveCfg = Debug|Any CPU
		{FC7D76EC-86A3-405A-A1F7-A472D2393376}.Debug|Any CPU.Build.0 = Debug|Any CPU
		{FC7D76EC-86A3-405A-A1F7-A472D2393376}.Release|Any CPU.ActiveCfg = Release|Any CPU
		{FC7D76EC-86A3-405A-A1F7-A472D2393376}.Release|Any CPU.Build.0 = Release|Any CPU
	EndGlobalSection
	GlobalSection(SolutionProperties) = preSolution
		HideSolutionNode = FALSE
	EndGlobalSection
	GlobalSection(ExtensibilityGlobals) = postSolution
		SolutionGuid = {AC77EA46-3C25-46F9-88CE-86A38A33390D}
	EndGlobalSection
EndGlobal
